
Microsoft Visual Studio Solution File, Format Version 12.00
# Visual Studio 15
VisualStudioVersion = 15.0.26403.0
MinimumVisualStudioVersion = 10.0.40219.1
Project("{FAE04EC0-301F-11D3-BF4B-00C04F79EFBC}") = "Wpf.Pager.LazyLoading", "Wpf.Pager.LazyLoading\Wpf.Pager.LazyLoading.csproj", "{B6C84698-557B-4077-93C5-47BB8A093E25}"
EndProject
Project("{FAE04EC0-301F-11D3-BF4B-00C04F79EFBC}") = "Wpf.Pager.LazyLoading.Demo", "Wpf.Pager.LazyLoading.Demo\Wpf.Pager.LazyLoading.Demo.csproj", "{17AD1E12-1855-48DA-8A53-A3FE8BEFCEEF}"
EndProject
Global
	GlobalSection(SolutionConfigurationPlatforms) = preSolution
		Debug|Any CPU = Debug|Any CPU
		Release|Any CPU = Release|Any CPU
	EndGlobalSection
	GlobalSection(ProjectConfigurationPlatforms) = postSolution
		{B6C84698-557B-4077-93C5-47BB8A093E25}.Debug|Any CPU.ActiveCfg = Debug|Any CPU
		{B6C84698-557B-4077-93C5-47BB8A093E25}.Debug|Any CPU.Build.0 = Debug|Any CPU
		{B6C84698-557B-4077-93C5-47BB8A093E25}.Release|Any CPU.ActiveCfg = Release|Any CPU
		{B6C84698-557B-4077-93C5-47BB8A093E25}.Release|Any CPU.Build.0 = Release|Any CPU
		{17AD1E12-1855-48DA-8A53-A3FE8BEFCEEF}.Debug|Any CPU.ActiveCfg = Debug|Any CPU
		{17AD1E12-1855-48DA-8A53-A3FE8BEFCEEF}.Debug|Any CPU.Build.0 = Debug|Any CPU
		{17AD1E12-1855-48DA-8A53-A3FE8BEFCEEF}.Release|Any CPU.ActiveCfg = Release|Any CPU
		{17AD1E12-1855-48DA-8A53-A3FE8BEFCEEF}.Release|Any CPU.Build.0 = Release|Any CPU
	EndGlobalSection
	GlobalSection(SolutionProperties) = preSolution
		HideSolutionNode = FALSE
	EndGlobalSection
EndGlobal
